// !$*UTF8*$!
{
	archiveVersion = 1;
	classes = {
	};
	objectVersion = 50;
	objects = {

/* Begin PBXBuildFile section */
		9CAFCA09238F27AE007BBBB9 /* rnd.c in Sources */ = {isa = PBXBuildFile; fileRef = 9CAFCA01238F27AD007BBBB9 /* rnd.c */; };
		9CAFCA0C238F27AE007BBBB9 /* ising.c in Sources */ = {isa = PBXBuildFile; fileRef = 9CAFCA04238F27AD007BBBB9 /* ising.c */; };
		9CAFCA0D238F27AE007BBBB9 /* measure_2D.c in Sources */ = {isa = PBXBuildFile; fileRef = 9CAFCA06238F27AD007BBBB9 /* measure_2D.c */; };
		9CAFCA10238F2C93007BBBB9 /* ising_data_2D.c in Sources */ = {isa = PBXBuildFile; fileRef = 9CAFCA03238F27AD007BBBB9 /* ising_data_2D.c */; };
/* End PBXBuildFile section */

/* Begin PBXCopyFilesBuildPhase section */
		9CAFC9F0238F252B007BBBB9 /* CopyFiles */ = {
			isa = PBXCopyFilesBuildPhase;
			buildActionMask = 2147483647;
			dstPath = /usr/share/man/man1/;
			dstSubfolderSpec = 0;
			files = (
			);
			runOnlyForDeploymentPostprocessing = 1;
		};
/* End PBXCopyFilesBuildPhase section */

/* Begin PBXFileReference section */
		9CAFC9F2238F252B007BBBB9 /* spinglass */ = {isa = PBXFileReference; explicitFileType = "compiled.mach-o.executable"; includeInIndex = 0; path = spinglass; sourceTree = BUILT_PRODUCTS_DIR; };
		9CAFC9FC238F27AD007BBBB9 /* magnetization.txt */ = {isa = PBXFileReference; fileEncoding = 4; lastKnownFileType = text; path = magnetization.txt; sourceTree = "<group>"; };
		9CAFC9FD238F27AD007BBBB9 /* measure.h */ = {isa = PBXFileReference; fileEncoding = 4; lastKnownFileType = sourcecode.c.h; path = measure.h; sourceTree = "<group>"; };
		9CAFC9FE238F27AD007BBBB9 /* rnd.h */ = {isa = PBXFileReference; fileEncoding = 4; lastKnownFileType = sourcecode.c.h; path = rnd.h; sourceTree = "<group>"; };
		9CAFC9FF238F27AD007BBBB9 /* measure.c */ = {isa = PBXFileReference; fileEncoding = 4; lastKnownFileType = sourcecode.c.c; path = measure.c; sourceTree = "<group>"; };
		9CAFCA00238F27AD007BBBB9 /* ising_data.c */ = {isa = PBXFileReference; fileEncoding = 4; lastKnownFileType = sourcecode.c.c; path = ising_data.c; sourceTree = "<group>"; };
		9CAFCA01238F27AD007BBBB9 /* rnd.c */ = {isa = PBXFileReference; fileEncoding = 4; lastKnownFileType = sourcecode.c.c; path = rnd.c; sourceTree = "<group>"; };
		9CAFCA02238F27AD007BBBB9 /* ising_data_2D2.c */ = {isa = PBXFileReference; fileEncoding = 4; lastKnownFileType = sourcecode.c.c; path = ising_data_2D2.c; sourceTree = "<group>"; };
		9CAFCA03238F27AD007BBBB9 /* ising_data_2D.c */ = {isa = PBXFileReference; fileEncoding = 4; lastKnownFileType = sourcecode.c.c; path = ising_data_2D.c; sourceTree = "<group>"; };
		9CAFCA04238F27AD007BBBB9 /* ising.c */ = {isa = PBXFileReference; fileEncoding = 4; lastKnownFileType = sourcecode.c.c; path = ising.c; sourceTree = "<group>"; };
		9CAFCA05238F27AD007BBBB9 /* ising_data.h */ = {isa = PBXFileReference; fileEncoding = 4; lastKnownFileType = sourcecode.c.h; path = ising_data.h; sourceTree = "<group>"; };
		9CAFCA06238F27AD007BBBB9 /* measure_2D.c */ = {isa = PBXFileReference; fileEncoding = 4; lastKnownFileType = sourcecode.c.c; path = measure_2D.c; sourceTree = "<group>"; };
/* End PBXFileReference section */

/* Begin PBXFrameworksBuildPhase section */
		9CAFC9EF238F252B007BBBB9 /* Frameworks */ = {
			isa = PBXFrameworksBuildPhase;
			buildActionMask = 2147483647;
			files = (
			);
			runOnlyForDeploymentPostprocessing = 0;
		};
/* End PBXFrameworksBuildPhase section */

/* Begin PBXGroup section */
		9CAFC9E9238F252A007BBBB9 = {
			isa = PBXGroup;
			children = (
				9CAFC9F4238F252B007BBBB9 /* spinglass */,
				9CAFC9F3238F252B007BBBB9 /* Products */,
			);
			sourceTree = "<group>";
		};
		9CAFC9F3238F252B007BBBB9 /* Products */ = {
			isa = PBXGroup;
			children = (
				9CAFC9F2238F252B007BBBB9 /* spinglass */,
			);
			name = Products;
			sourceTree = "<group>";
		};
		9CAFC9F4238F252B007BBBB9 /* spinglass */ = {
			isa = PBXGroup;
			children = (
				9CAFCA03238F27AD007BBBB9 /* ising_data_2D.c */,
				9CAFCA02238F27AD007BBBB9 /* ising_data_2D2.c */,
				9CAFCA00238F27AD007BBBB9 /* ising_data.c */,
				9CAFCA05238F27AD007BBBB9 /* ising_data.h */,
				9CAFCA04238F27AD007BBBB9 /* ising.c */,
				9CAFC9FC238F27AD007BBBB9 /* magnetization.txt */,
				9CAFCA06238F27AD007BBBB9 /* measure_2D.c */,
				9CAFC9FF238F27AD007BBBB9 /* measure.c */,
				9CAFC9FD238F27AD007BBBB9 /* measure.h */,
				9CAFCA01238F27AD007BBBB9 /* rnd.c */,
				9CAFC9FE238F27AD007BBBB9 /* rnd.h */,
			);
			path = spinglass;
			sourceTree = "<group>";
		};
/* End PBXGroup section */

/* Begin PBXNativeTarget section */
		9CAFC9F1238F252B007BBBB9 /* spinglass */ = {
			isa = PBXNativeTarget;
			buildConfigurationList = 9CAFC9F9238F252B007BBBB9 /* Build configuration list for PBXNativeTarget "spinglass" */;
			buildPhases = (
				9CAFC9EE238F252B007BBBB9 /* Sources */,
				9CAFC9EF238F252B007BBBB9 /* Frameworks */,
				9CAFC9F0238F252B007BBBB9 /* CopyFiles */,
			);
			buildRules = (
			);
			dependencies = (
			);
			name = spinglass;
			productName = spinglass;
			productReference = 9CAFC9F2238F252B007BBBB9 /* spinglass */;
			productType = "com.apple.product-type.tool";
		};
/* End PBXNativeTarget section */

/* Begin PBXProject section */
		9CAFC9EA238F252A007BBBB9 /* Project object */ = {
			isa = PBXProject;
			attributes = {
				LastUpgradeCheck = 1120;
				ORGANIZATIONNAME = Stanford;
				TargetAttributes = {
					9CAFC9F1238F252B007BBBB9 = {
						CreatedOnToolsVersion = 11.2.1;
					};
				};
			};
			buildConfigurationList = 9CAFC9ED238F252A007BBBB9 /* Build configuration list for PBXProject "spinglass" */;
			compatibilityVersion = "Xcode 9.3";
			developmentRegion = en;
			hasScannedForEncodings = 0;
			knownRegions = (
				en,
				Base,
			);
			mainGroup = 9CAFC9E9238F252A007BBBB9;
			productRefGroup = 9CAFC9F3238F252B007BBBB9 /* Products */;
			projectDirPath = "";
			projectRoot = "";
			targets = (
				9CAFC9F1238F252B007BBBB9 /* spinglass */,
			);
		};
/* End PBXProject section */

/* Begin PBXSourcesBuildPhase section */
		9CAFC9EE238F252B007BBBB9 /* Sources */ = {
			isa = PBXSourcesBuildPhase;
			buildActionMask = 2147483647;
			files = (
				9CAFCA10238F2C93007BBBB9 /* ising_data_2D.c in Sources */,
				9CAFCA0C238F27AE007BBBB9 /* ising.c in Sources */,
				9CAFCA09238F27AE007BBBB9 /* rnd.c in Sources */,
				9CAFCA0D238F27AE007BBBB9 /* measure_2D.c in Sources */,
			);
			runOnlyForDeploymentPostprocessing = 0;
		};
/* End PBXSourcesBuildPhase section */

/* Begin XCBuildConfiguration section */
		9CAFC9F7238F252B007BBBB9 /* Debug */ = {
			isa = XCBuildConfiguration;
			buildSettings = {
				ALWAYS_SEARCH_USER_PATHS = NO;
				CLANG_ANALYZER_NONNULL = YES;
				CLANG_ANALYZER_NUMBER_OBJECT_CONVERSION = YES_AGGRESSIVE;
				CLANG_CXX_LANGUAGE_STANDARD = "gnu++14";
				CLANG_CXX_LIBRARY = "libc++";
				CLANG_ENABLE_MODULES = YES;
				CLANG_ENABLE_OBJC_ARC = YES;
				CLANG_ENABLE_OBJC_WEAK = YES;
				CLANG_WARN_BLOCK_CAPTURE_AUTORELEASING = YES;
				CLANG_WARN_BOOL_CONVERSION = YES;
				CLANG_WARN_COMMA = YES;
				CLANG_WARN_CONSTANT_CONVERSION = YES;
				CLANG_WARN_DEPRECATED_OBJC_IMPLEMENTATIONS = YES;
				CLANG_WARN_DIRECT_OBJC_ISA_USAGE = YES_ERROR;
				CLANG_WARN_DOCUMENTATION_COMMENTS = YES;
				CLANG_WARN_EMPTY_BODY = YES;
				CLANG_WARN_ENUM_CONVERSION = YES;
				CLANG_WARN_INFINITE_RECURSION = YES;
				CLANG_WARN_INT_CONVERSION = YES;
				CLANG_WARN_NON_LITERAL_NULL_CONVERSION = YES;
				CLANG_WARN_OBJC_IMPLICIT_RETAIN_SELF = YES;
				CLANG_WARN_OBJC_LITERAL_CONVERSION = YES;
				CLANG_WARN_OBJC_ROOT_CLASS = YES_ERROR;
				CLANG_WARN_RANGE_LOOP_ANALYSIS = YES;
				CLANG_WARN_STRICT_PROTOTYPES = YES;
				CLANG_WARN_SUSPICIOUS_MOVE = YES;
				CLANG_WARN_UNGUARDED_AVAILABILITY = YES_AGGRESSIVE;
				CLANG_WARN_UNREACHABLE_CODE = YES;
				CLANG_WARN__DUPLICATE_METHOD_MATCH = YES;
				COPY_PHASE_STRIP = NO;
				DEBUG_INFORMATION_FORMAT = dwarf;
				ENABLE_STRICT_OBJC_MSGSEND = YES;
				ENABLE_TESTABILITY = YES;
				GCC_C_LANGUAGE_STANDARD = gnu11;
				GCC_DYNAMIC_NO_PIC = NO;
				GCC_NO_COMMON_BLOCKS = YES;
				GCC_OPTIMIZATION_LEVEL = 0;
				GCC_PREPROCESSOR_DEFINITIONS = (
					"DEBUG=1",
					"$(inherited)",
				);
				GCC_WARN_64_TO_32_BIT_CONVERSION = YES;
				GCC_WARN_ABOUT_RETURN_TYPE = YES_ERROR;
				GCC_WARN_UNDECLARED_SELECTOR = YES;
				GCC_WARN_UNINITIALIZED_AUTOS = YES_AGGRESSIVE;
				GCC_WARN_UNUSED_FUNCTION = YES;
				GCC_WARN_UNUSED_VARIABLE = YES;
				MACOSX_DEPLOYMENT_TARGET = 10.15;
				MTL_ENABLE_DEBUG_INFO = INCLUDE_SOURCE;
				MTL_FAST_MATH = YES;
				ONLY_ACTIVE_ARCH = YES;
				SDKROOT = macosx;
			};
			name = Debug;
		};
		9CAFC9F8238F252B007BBBB9 /* Release */ = {
			isa = XCBuildConfiguration;
			buildSettings = {
				ALWAYS_SEARCH_USER_PATHS = NO;
				CLANG_ANALYZER_NONNULL = YES;
				CLANG_ANALYZER_NUMBER_OBJECT_CONVERSION = YES_AGGRESSIVE;
				CLANG_CXX_LANGUAGE_STANDARD = "gnu++14";
				CLANG_CXX_LIBRARY = "libc++";
				CLANG_ENABLE_MODULES = YES;
				CLANG_ENABLE_OBJC_ARC = YES;
				CLANG_ENABLE_OBJC_WEAK = YES;
				CLANG_WARN_BLOCK_CAPTURE_AUTORELEASING = YES;
				CLANG_WARN_BOOL_CONVERSION = YES;
				CLANG_WARN_COMMA = YES;
				CLANG_WARN_CONSTANT_CONVERSION = YES;
				CLANG_WARN_DEPRECATED_OBJC_IMPLEMENTATIONS = YES;
				CLANG_WARN_DIRECT_OBJC_ISA_USAGE = YES_ERROR;
				CLANG_WARN_DOCUMENTATION_COMMENTS = YES;
				CLANG_WARN_EMPTY_BODY = YES;
				CLANG_WARN_ENUM_CONVERSION = YES;
				CLANG_WARN_INFINITE_RECURSION = YES;
				CLANG_WARN_INT_CONVERSION = YES;
				CLANG_WARN_NON_LITERAL_NULL_CONVERSION = YES;
				CLANG_WARN_OBJC_IMPLICIT_RETAIN_SELF = YES;
				CLANG_WARN_OBJC_LITERAL_CONVERSION = YES;
				CLANG_WARN_OBJC_ROOT_CLASS = YES_ERROR;
				CLANG_WARN_RANGE_LOOP_ANALYSIS = YES;
				CLANG_WARN_STRICT_PROTOTYPES = YES;
				CLANG_WARN_SUSPICIOUS_MOVE = YES;
				CLANG_WARN_UNGUARDED_AVAILABILITY = YES_AGGRESSIVE;
				CLANG_WARN_UNREACHABLE_CODE = YES;
				CLANG_WARN__DUPLICATE_METHOD_MATCH = YES;
				COPY_PHASE_STRIP = NO;
				DEBUG_INFORMATION_FORMAT = "dwarf-with-dsym";
				ENABLE_NS_ASSERTIONS = NO;
				ENABLE_STRICT_OBJC_MSGSEND = YES;
				GCC_C_LANGUAGE_STANDARD = gnu11;
				GCC_NO_COMMON_BLOCKS = YES;
				GCC_WARN_64_TO_32_BIT_CONVERSION = YES;
				GCC_WARN_ABOUT_RETURN_TYPE = YES_ERROR;
				GCC_WARN_UNDECLARED_SELECTOR = YES;
				GCC_WARN_UNINITIALIZED_AUTOS = YES_AGGRESSIVE;
				GCC_WARN_UNUSED_FUNCTION = YES;
				GCC_WARN_UNUSED_VARIABLE = YES;
				MACOSX_DEPLOYMENT_TARGET = 10.15;
				MTL_ENABLE_DEBUG_INFO = NO;
				MTL_FAST_MATH = YES;
				SDKROOT = macosx;
			};
			name = Release;
		};
		9CAFC9FA238F252B007BBBB9 /* Debug */ = {
			isa = XCBuildConfiguration;
			buildSettings = {
				CODE_SIGN_STYLE = Automatic;
				PRODUCT_NAME = "$(TARGET_NAME)";
			};
			name = Debug;
		};
		9CAFC9FB238F252B007BBBB9 /* Release */ = {
			isa = XCBuildConfiguration;
			buildSettings = {
				CODE_SIGN_STYLE = Automatic;
				PRODUCT_NAME = "$(TARGET_NAME)";
			};
			name = Release;
		};
/* End XCBuildConfiguration section */

/* Begin XCConfigurationList section */
		9CAFC9ED238F252A007BBBB9 /* Build configuration list for PBXProject "spinglass" */ = {
			isa = XCConfigurationList;
			buildConfigurations = (
				9CAFC9F7238F252B007BBBB9 /* Debug */,
				9CAFC9F8238F252B007BBBB9 /* Release */,
			);
			defaultConfigurationIsVisible = 0;
			defaultConfigurationName = Release;
		};
		9CAFC9F9238F252B007BBBB9 /* Build configuration list for PBXNativeTarget "spinglass" */ = {
			isa = XCConfigurationList;
			buildConfigurations = (
				9CAFC9FA238F252B007BBBB9 /* Debug */,
				9CAFC9FB238F252B007BBBB9 /* Release */,
			);
			defaultConfigurationIsVisible = 0;
			defaultConfigurationName = Release;
		};
/* End XCConfigurationList section */
	};
	rootObject = 9CAFC9EA238F252A007BBBB9 /* Project object */;
}
